
Microsoft Visual Studio Solution File, Format Version 12.00
# Visual Studio Version 16
VisualStudioVersion = 16.0.28531.58
MinimumVisualStudioVersion = 10.0.40219.1
Project("{9A19103F-16F7-4668-BE54-9A1E7A4F7556}") = "PhotosOfUs.Core", "PhotosOfUs.Model\PhotosOfUs.Core.csproj", "{5F04CB68-3AFD-4ABA-AF93-086E52142006}"
EndProject
Project("{9A19103F-16F7-4668-BE54-9A1E7A4F7556}") = "PhotosOfUs.Plugins", "PhotosOfUs.Plugins\PhotosOfUs.Plugins.csproj", "{40493D92-CC54-469B-AAE9-31F39B8404B6}"
EndProject
Project("{9A19103F-16F7-4668-BE54-9A1E7A4F7556}") = "Kuvio.Kernel.AspNet", "Kuvio.Kernel.AspNet\Kuvio.Kernel.AspNet.csproj", "{83A41CCE-0BF5-44B0-B2B0-901F4618FBDC}"
EndProject
Project("{2150E333-8FDC-42A3-9474-1A3956D46DE8}") = "Kernel", "Kernel", "{4463EC25-A466-4D42-B9F5-142FB7292EE4}"
EndProject
Project("{9A19103F-16F7-4668-BE54-9A1E7A4F7556}") = "PhotosOfUs.App", "PhotosOfUs.App\PhotosOfUs.App.csproj", "{573E7A5C-EE32-4667-BE28-5934AB0B8197}"
EndProject
Project("{9A19103F-16F7-4668-BE54-9A1E7A4F7556}") = "PhotosOfUs.WA.Server", "PhotosOfUs.WA\Server\PhotosOfUs.WA.Server.csproj", "{A3326D23-D767-485F-8AC8-4059380CE1AD}"
EndProject
Project("{9A19103F-16F7-4668-BE54-9A1E7A4F7556}") = "PhotosOfUs.WA.Client", "PhotosOfUs.WA\Client\PhotosOfUs.WA.Client.csproj", "{DC6DCD94-4F80-48D2-B361-C6104D444BB3}"
EndProject
Global
	GlobalSection(SolutionConfigurationPlatforms) = preSolution
		Debug|Any CPU = Debug|Any CPU
		Release|Any CPU = Release|Any CPU
	EndGlobalSection
	GlobalSection(ProjectConfigurationPlatforms) = postSolution
		{5F04CB68-3AFD-4ABA-AF93-086E52142006}.Debug|Any CPU.ActiveCfg = Debug|Any CPU
		{5F04CB68-3AFD-4ABA-AF93-086E52142006}.Debug|Any CPU.Build.0 = Debug|Any CPU
		{5F04CB68-3AFD-4ABA-AF93-086E52142006}.Release|Any CPU.ActiveCfg = Release|Any CPU
		{5F04CB68-3AFD-4ABA-AF93-086E52142006}.Release|Any CPU.Build.0 = Release|Any CPU
		{40493D92-CC54-469B-AAE9-31F39B8404B6}.Debug|Any CPU.ActiveCfg = Debug|Any CPU
		{40493D92-CC54-469B-AAE9-31F39B8404B6}.Debug|Any CPU.Build.0 = Debug|Any CPU
		{40493D92-CC54-469B-AAE9-31F39B8404B6}.Release|Any CPU.ActiveCfg = Release|Any CPU
		{40493D92-CC54-469B-AAE9-31F39B8404B6}.Release|Any CPU.Build.0 = Release|Any CPU
		{83A41CCE-0BF5-44B0-B2B0-901F4618FBDC}.Debug|Any CPU.ActiveCfg = Debug|Any CPU
		{83A41CCE-0BF5-44B0-B2B0-901F4618FBDC}.Debug|Any CPU.Build.0 = Debug|Any CPU
		{83A41CCE-0BF5-44B0-B2B0-901F4618FBDC}.Release|Any CPU.ActiveCfg = Release|Any CPU
		{83A41CCE-0BF5-44B0-B2B0-901F4618FBDC}.Release|Any CPU.Build.0 = Release|Any CPU
		{573E7A5C-EE32-4667-BE28-5934AB0B8197}.Debug|Any CPU.ActiveCfg = Debug|Any CPU
		{573E7A5C-EE32-4667-BE28-5934AB0B8197}.Debug|Any CPU.Build.0 = Debug|Any CPU
		{573E7A5C-EE32-4667-BE28-5934AB0B8197}.Release|Any CPU.ActiveCfg = Release|Any CPU
		{573E7A5C-EE32-4667-BE28-5934AB0B8197}.Release|Any CPU.Build.0 = Release|Any CPU
		{A3326D23-D767-485F-8AC8-4059380CE1AD}.Debug|Any CPU.ActiveCfg = Debug|Any CPU
		{A3326D23-D767-485F-8AC8-4059380CE1AD}.Debug|Any CPU.Build.0 = Debug|Any CPU
		{A3326D23-D767-485F-8AC8-4059380CE1AD}.Release|Any CPU.ActiveCfg = Release|Any CPU
		{A3326D23-D767-485F-8AC8-4059380CE1AD}.Release|Any CPU.Build.0 = Release|Any CPU
		{DC6DCD94-4F80-48D2-B361-C6104D444BB3}.Debug|Any CPU.ActiveCfg = Debug|Any CPU
		{DC6DCD94-4F80-48D2-B361-C6104D444BB3}.Debug|Any CPU.Build.0 = Debug|Any CPU
		{DC6DCD94-4F80-48D2-B361-C6104D444BB3}.Release|Any CPU.ActiveCfg = Release|Any CPU
		{DC6DCD94-4F80-48D2-B361-C6104D444BB3}.Release|Any CPU.Build.0 = Release|Any CPU
	EndGlobalSection
	GlobalSection(SolutionProperties) = preSolution
		HideSolutionNode = FALSE
	EndGlobalSection
	GlobalSection(NestedProjects) = preSolution
		{83A41CCE-0BF5-44B0-B2B0-901F4618FBDC} = {4463EC25-A466-4D42-B9F5-142FB7292EE4}
	EndGlobalSection
	GlobalSection(ExtensibilityGlobals) = postSolution
		SolutionGuid = {384777B8-915E-4C2E-92E8-A1D5757CABF8}
	EndGlobalSection
EndGlobal
