{
  "name": "myproject",
  "version": "1.0.0",
  "lockfileVersion": 1,
  "requires": true,
  "dependencies": {
    "@types/angular": {
      "version": "1.6.53",
      "resolved": "https://registry.npmjs.org/@types/angular/-/angular-1.6.53.tgz",
      "integrity": "sha512-46op53S8hnDl9o6VOmMAXBv3laK8i2OyXOfriDwe6VRfh8wVFilIniLaNsz2pPpAM4oUwsBYFt7ZThe+IMnIeA==",
      "dev": true
    },
    "angular": {
      "version": "1.7.5",
      "resolved": "https://registry.npmjs.org/angular/-/angular-1.7.5.tgz",
      "integrity": "sha512-760183yxtGzni740IBTieNuWLtPNAoMqvmC0Z62UoU0I3nqk+VJuO3JbQAXOyvo3Oy/ZsdNQwrSTh/B0OQZjNw==",
      "dev": true
    },
    "angular-animate": {
      "version": "1.7.5",
      "resolved": "https://registry.npmjs.org/angular-animate/-/angular-animate-1.7.5.tgz",
      "integrity": "sha512-kU/fHIGf2a4a3bH7E1tzALTHk+QfoUSCK9fEcMFisd6ZWvNDwPzXWAilItqOC3EDiAXPmGHaNc9/aXiD9xrAxQ==",
      "dev": true
    },
    "angular-aria": {
      "version": "1.7.5",
      "resolved": "https://registry.npmjs.org/angular-aria/-/angular-aria-1.7.5.tgz",
      "integrity": "sha512-X2dGRw+PK7hrV7/X1Ns4e5P3KC/OBFi1l7z//D/v7zbZObsAx48qBoX7unsck+s4+mnO+ikNNkHG5N49VfAyRw==",
      "dev": true
    },
    "angular-filter": {
      "version": "0.5.17",
      "resolved": "https://registry.npmjs.org/angular-filter/-/angular-filter-0.5.17.tgz",
      "integrity": "sha1-YMDHOA/UWHLLjxCAHP4H4VQGKTU=",
      "dev": true,
      "requires": {
        "angular": "1.7.5"
      }
    },
    "angular-material": {
      "version": "1.1.11",
      "resolved": "https://registry.npmjs.org/angular-material/-/angular-material-1.1.11.tgz",
      "integrity": "sha512-einmcNSPxxvZo4NijZR4/k80+UKcbWqNLFCHeee/sU2tD1c7LUnFkOUde99Nmj5a6/L/wb91LmpRMbU1Vb9j7A==",
      "dev": true
    },
    "angular-messages": {
      "version": "1.7.5",
      "resolved": "https://registry.npmjs.org/angular-messages/-/angular-messages-1.7.5.tgz",
      "integrity": "sha512-YDpJpFLyrIgZjE/sIAjgww1y6r3QqXBJbNDI0QjftD37vHXLkwvAOo3A4bxPw8BikyGLcJrFrgf6hRAzntJIWA==",
      "dev": true
    },
    "angular-resource": {
      "version": "1.7.5",
      "resolved": "https://registry.npmjs.org/angular-resource/-/angular-resource-1.7.5.tgz",
      "integrity": "sha512-zlCKVNa2nnZNb4Lz3YFPKhsYG+v+t4STEsjkWRbii6PfwSrtH9R/zGpCOkBNFnq3naeZMMmd5aIIgHi5a7k9jA==",
      "dev": true
    },
    "angular-socialshare": {
      "version": "2.3.11",
      "resolved": "https://registry.npmjs.org/angular-socialshare/-/angular-socialshare-2.3.11.tgz",
      "integrity": "sha1-BTKLM9mF/Zt+FQAmPCCpqg+ELJk=",
      "dev": true
    },
    "angular-touch": {
      "version": "1.7.5",
      "resolved": "https://registry.npmjs.org/angular-touch/-/angular-touch-1.7.5.tgz",
      "integrity": "sha512-XNAZNG0RA1mtdwBJheViCF1H/7wOygp4MLIfs5y1K+rne6AeaYKZcV6EJs9fvgfLKLO6ecm1+3J8hoCkdhhxQw==",
      "dev": true
    },
    "angular-ui-bootstrap": {
      "version": "2.5.6",
      "resolved": "https://registry.npmjs.org/angular-ui-bootstrap/-/angular-ui-bootstrap-2.5.6.tgz",
      "integrity": "sha512-yzcHpPMLQl0232nDzm5P4iAFTFQ9dMw0QgFLuKYbDj9M0xJ62z0oudYD/Lvh1pWfRsukiytP4Xj6BHOSrSXP8A==",
      "dev": true
    },
    "core-js": {
      "version": "2.6.1",
      "resolved": "https://registry.npmjs.org/core-js/-/core-js-2.6.1.tgz",
      "integrity": "sha512-L72mmmEayPJBejKIWe2pYtGis5r0tQ5NaJekdhyXgeMQTpJoBsH0NL4ElY2LfSoV15xeQWKQ+XTTOZdyero5Xg==",
      "dev": true
    },
    "element-matches": {
      "version": "0.1.2",
      "resolved": "https://registry.npmjs.org/element-matches/-/element-matches-0.1.2.tgz",
      "integrity": "sha512-yWh1otcs3OKUWDvu/IxyI36ZI3WNaRZlI0uG/DK6fu0pap0VYZ0J5pEGTk1zakme+hT0OKHwhlHc0N5TJhY6yQ=="
    },
    "lodash": {
      "version": "4.17.11",
      "resolved": "https://registry.npmjs.org/lodash/-/lodash-4.17.11.tgz",
      "integrity": "sha512-cQKh8igo5QUhZ7lg38DYWAxMvjSAKG0A8wGSVimP07SIUEK2UO+arSRKbRZWtelMtN5V0Hkwh5ryOto/SshYIg=="
    },
    "ng-tags-input": {
      "version": "3.2.0",
      "resolved": "https://registry.npmjs.org/ng-tags-input/-/ng-tags-input-3.2.0.tgz",
      "integrity": "sha1-kSgt5XUTDIq3lHl/6/CXKw87uj4=",
      "dev": true
    },
    "popper.js": {
      "version": "1.14.6",
      "resolved": "https://registry.npmjs.org/popper.js/-/popper.js-1.14.6.tgz",
      "integrity": "sha512-AGwHGQBKumlk/MDfrSOf0JHhJCImdDMcGNoqKmKkU+68GFazv3CQ6q9r7Ja1sKDZmYWTckY/uLyEznheTDycnA=="
    },
    "shepherd.js": {
      "version": "2.0.0-beta.18",
      "resolved": "https://registry.npmjs.org/shepherd.js/-/shepherd.js-2.0.0-beta.18.tgz",
      "integrity": "sha512-emi0WfQBQYf/qfZmm7yzvVCrjPCIYVudvbhN0eaTwLmNdrtnZvZFRSc+7aA1BoOVgUpgU0UF7WjyqNG9Da0kow==",
      "requires": {
        "element-matches": "0.1.2",
        "lodash": "4.17.11",
        "popper.js": "1.14.6"
      }
    },
    "tippy.js": {
      "version": "3.3.0",
      "resolved": "https://registry.npmjs.org/tippy.js/-/tippy.js-3.3.0.tgz",
      "integrity": "sha512-2gIQg57EFSCBqE97NZbakSkGBJF0GzdOhx/lneGQGMzJiJyvbpyKgNy4l4qofq0nEbXACl7C/jW/ErsdQa21aQ==",
      "dev": true,
      "requires": {
        "popper.js": "1.14.6"
      }
    }
  }
}
